// !$*UTF8*$!
{
	archiveVersion = 1;
	classes = {
	};
	objectVersion = 50;
	objects = {

/* Begin PBXBuildFile section */
		1F0CE05C26D5F6D100F15115 /* Constants.swift in Sources */ = {isa = PBXBuildFile; fileRef = 1F0CE05B26D5F6D100F15115 /* Constants.swift */; };
		1F97582826D5DDED00B3B3B0 /* CitySightsApp.swift in Sources */ = {isa = PBXBuildFile; fileRef = 1F97582726D5DDED00B3B3B0 /* CitySightsApp.swift */; };
		1F97582A26D5DDEE00B3B3B0 /* LaunchView.swift in Sources */ = {isa = PBXBuildFile; fileRef = 1F97582926D5DDEE00B3B3B0 /* LaunchView.swift */; };
		1F97582C26D5DDFA00B3B3B0 /* Assets.xcassets in Resources */ = {isa = PBXBuildFile; fileRef = 1F97582B26D5DDFA00B3B3B0 /* Assets.xcassets */; };
		1F97582F26D5DDFA00B3B3B0 /* Preview Assets.xcassets in Resources */ = {isa = PBXBuildFile; fileRef = 1F97582E26D5DDFA00B3B3B0 /* Preview Assets.xcassets */; };
		1F97583E26D5DF1300B3B3B0 /* ContentModel.swift in Sources */ = {isa = PBXBuildFile; fileRef = 1F97583D26D5DF1300B3B3B0 /* ContentModel.swift */; };
		1FCABC2826D62B7900D6FD1B /* Business.swift in Sources */ = {isa = PBXBuildFile; fileRef = 1FCABC2726D62B7900D6FD1B /* Business.swift */; };
		1FCABC2C26D62E4900D6FD1B /* BusinessSearch.swift in Sources */ = {isa = PBXBuildFile; fileRef = 1FCABC2B26D62E4900D6FD1B /* BusinessSearch.swift */; };
		1FCABC3A26D6348000D6FD1B /* HomeView.swift in Sources */ = {isa = PBXBuildFile; fileRef = 1FCABC3926D6348000D6FD1B /* HomeView.swift */; };
		1FCABC3E26D637CB00D6FD1B /* BusinessList.swift in Sources */ = {isa = PBXBuildFile; fileRef = 1FCABC3D26D637CB00D6FD1B /* BusinessList.swift */; };
		1FCABC4226D639CC00D6FD1B /* BusinessSectionHeader.swift in Sources */ = {isa = PBXBuildFile; fileRef = 1FCABC4126D639CC00D6FD1B /* BusinessSectionHeader.swift */; };
		1FCABC4526D63A2D00D6FD1B /* BusinessSection.swift in Sources */ = {isa = PBXBuildFile; fileRef = 1FCABC4426D63A2D00D6FD1B /* BusinessSection.swift */; };
		1FCABC4826D63DFD00D6FD1B /* BusinessRow.swift in Sources */ = {isa = PBXBuildFile; fileRef = 1FCABC4726D63DFD00D6FD1B /* BusinessRow.swift */; };
/* End PBXBuildFile section */

/* Begin PBXFileReference section */
		1F0CE05B26D5F6D100F15115 /* Constants.swift */ = {isa = PBXFileReference; lastKnownFileType = sourcecode.swift; path = Constants.swift; sourceTree = "<group>"; };
		1F97582426D5DDED00B3B3B0 /* City Sights App.app */ = {isa = PBXFileReference; explicitFileType = wrapper.application; includeInIndex = 0; path = "City Sights App.app"; sourceTree = BUILT_PRODUCTS_DIR; };
		1F97582726D5DDED00B3B3B0 /* CitySightsApp.swift */ = {isa = PBXFileReference; lastKnownFileType = sourcecode.swift; path = CitySightsApp.swift; sourceTree = "<group>"; };
		1F97582926D5DDEE00B3B3B0 /* LaunchView.swift */ = {isa = PBXFileReference; lastKnownFileType = sourcecode.swift; path = LaunchView.swift; sourceTree = "<group>"; };
		1F97582B26D5DDFA00B3B3B0 /* Assets.xcassets */ = {isa = PBXFileReference; lastKnownFileType = folder.assetcatalog; path = Assets.xcassets; sourceTree = "<group>"; };
		1F97582E26D5DDFA00B3B3B0 /* Preview Assets.xcassets */ = {isa = PBXFileReference; lastKnownFileType = folder.assetcatalog; path = "Preview Assets.xcassets"; sourceTree = "<group>"; };
		1F97583026D5DDFA00B3B3B0 /* Info.plist */ = {isa = PBXFileReference; lastKnownFileType = text.plist.xml; path = Info.plist; sourceTree = "<group>"; };
		1F97583D26D5DF1300B3B3B0 /* ContentModel.swift */ = {isa = PBXFileReference; lastKnownFileType = sourcecode.swift; path = ContentModel.swift; sourceTree = "<group>"; };
		1FCABC2726D62B7900D6FD1B /* Business.swift */ = {isa = PBXFileReference; lastKnownFileType = sourcecode.swift; path = Business.swift; sourceTree = "<group>"; };
		1FCABC2B26D62E4900D6FD1B /* BusinessSearch.swift */ = {isa = PBXFileReference; lastKnownFileType = sourcecode.swift; path = BusinessSearch.swift; sourceTree = "<group>"; };
		1FCABC3926D6348000D6FD1B /* HomeView.swift */ = {isa = PBXFileReference; lastKnownFileType = sourcecode.swift; path = HomeView.swift; sourceTree = "<group>"; };
		1FCABC3D26D637CB00D6FD1B /* BusinessList.swift */ = {isa = PBXFileReference; lastKnownFileType = sourcecode.swift; path = BusinessList.swift; sourceTree = "<group>"; };
		1FCABC4126D639CC00D6FD1B /* BusinessSectionHeader.swift */ = {isa = PBXFileReference; lastKnownFileType = sourcecode.swift; path = BusinessSectionHeader.swift; sourceTree = "<group>"; };
		1FCABC4426D63A2D00D6FD1B /* BusinessSection.swift */ = {isa = PBXFileReference; lastKnownFileType = sourcecode.swift; path = BusinessSection.swift; sourceTree = "<group>"; };
		1FCABC4726D63DFD00D6FD1B /* BusinessRow.swift */ = {isa = PBXFileReference; lastKnownFileType = sourcecode.swift; path = BusinessRow.swift; sourceTree = "<group>"; };
/* End PBXFileReference section */

/* Begin PBXFrameworksBuildPhase section */
		1F97582126D5DDED00B3B3B0 /* Frameworks */ = {
			isa = PBXFrameworksBuildPhase;
			buildActionMask = 2147483647;
			files = (
			);
			runOnlyForDeploymentPostprocessing = 0;
		};
/* End PBXFrameworksBuildPhase section */

/* Begin PBXGroup section */
		1F97581B26D5DDED00B3B3B0 = {
			isa = PBXGroup;
			children = (
				1F97582626D5DDED00B3B3B0 /* City Sights App */,
				1F97582526D5DDED00B3B3B0 /* Products */,
			);
			sourceTree = "<group>";
		};
		1F97582526D5DDED00B3B3B0 /* Products */ = {
			isa = PBXGroup;
			children = (
				1F97582426D5DDED00B3B3B0 /* City Sights App.app */,
			);
			name = Products;
			sourceTree = "<group>";
		};
		1F97582626D5DDED00B3B3B0 /* City Sights App */ = {
			isa = PBXGroup;
			children = (
				1F97582726D5DDED00B3B3B0 /* CitySightsApp.swift */,
				1F97583926D5DE3500B3B3B0 /* Views */,
				1F97583826D5DE2900B3B3B0 /* ViewModels */,
				1F97583726D5DE2300B3B3B0 /* Models */,
				1F0CE05B26D5F6D100F15115 /* Constants.swift */,
				1F97582B26D5DDFA00B3B3B0 /* Assets.xcassets */,
				1F97583026D5DDFA00B3B3B0 /* Info.plist */,
				1F97582D26D5DDFA00B3B3B0 /* Preview Content */,
			);
			path = "City Sights App";
			sourceTree = "<group>";
		};
		1F97582D26D5DDFA00B3B3B0 /* Preview Content */ = {
			isa = PBXGroup;
			children = (
				1F97582E26D5DDFA00B3B3B0 /* Preview Assets.xcassets */,
			);
			path = "Preview Content";
			sourceTree = "<group>";
		};
		1F97583726D5DE2300B3B3B0 /* Models */ = {
			isa = PBXGroup;
			children = (
				1FCABC2726D62B7900D6FD1B /* Business.swift */,
				1FCABC2B26D62E4900D6FD1B /* BusinessSearch.swift */,
			);
			path = Models;
			sourceTree = "<group>";
		};
		1F97583826D5DE2900B3B3B0 /* ViewModels */ = {
			isa = PBXGroup;
			children = (
				1F97583D26D5DF1300B3B3B0 /* ContentModel.swift */,
			);
			path = ViewModels;
			sourceTree = "<group>";
		};
		1F97583926D5DE3500B3B3B0 /* Views */ = {
			isa = PBXGroup;
			children = (
				1F97582926D5DDEE00B3B3B0 /* LaunchView.swift */,
				1FCABC3626D6345400D6FD1B /* Home */,
				1FCABC3826D6346000D6FD1B /* Denied */,
				1FCABC3726D6345900D6FD1B /* Onboarding */,
			);
			path = Views;
			sourceTree = "<group>";
		};
		1FCABC3626D6345400D6FD1B /* Home */ = {
			isa = PBXGroup;
			children = (
				1FCABC3926D6348000D6FD1B /* HomeView.swift */,
				1FCABC3C26D637BC00D6FD1B /* List */,
			);
			path = Home;
			sourceTree = "<group>";
		};
		1FCABC3726D6345900D6FD1B /* Onboarding */ = {
			isa = PBXGroup;
			children = (
			);
			path = Onboarding;
			sourceTree = "<group>";
		};
		1FCABC3826D6346000D6FD1B /* Denied */ = {
			isa = PBXGroup;
			children = (
			);
			path = Denied;
			sourceTree = "<group>";
		};
		1FCABC3C26D637BC00D6FD1B /* List */ = {
			isa = PBXGroup;
			children = (
				1FCABC3D26D637CB00D6FD1B /* BusinessList.swift */,
				1FCABC4126D639CC00D6FD1B /* BusinessSectionHeader.swift */,
				1FCABC4426D63A2D00D6FD1B /* BusinessSection.swift */,
				1FCABC4726D63DFD00D6FD1B /* BusinessRow.swift */,
			);
			path = List;
			sourceTree = "<group>";
		};
/* End PBXGroup section */

/* Begin PBXNativeTarget section */
		1F97582326D5DDED00B3B3B0 /* City Sights App */ = {
			isa = PBXNativeTarget;
			buildConfigurationList = 1F97583326D5DDFA00B3B3B0 /* Build configuration list for PBXNativeTarget "City Sights App" */;
			buildPhases = (
				1F97582026D5DDED00B3B3B0 /* Sources */,
				1F97582126D5DDED00B3B3B0 /* Frameworks */,
				1F97582226D5DDED00B3B3B0 /* Resources */,
			);
			buildRules = (
			);
			dependencies = (
			);
			name = "City Sights App";
			productName = "City Sights App";
			productReference = 1F97582426D5DDED00B3B3B0 /* City Sights App.app */;
			productType = "com.apple.product-type.application";
		};
/* End PBXNativeTarget section */

/* Begin PBXProject section */
		1F97581C26D5DDED00B3B3B0 /* Project object */ = {
			isa = PBXProject;
			attributes = {
				LastSwiftUpdateCheck = 1220;
				LastUpgradeCheck = 1220;
				TargetAttributes = {
					1F97582326D5DDED00B3B3B0 = {
						CreatedOnToolsVersion = 12.2;
					};
				};
			};
			buildConfigurationList = 1F97581F26D5DDED00B3B3B0 /* Build configuration list for PBXProject "City Sights App" */;
			compatibilityVersion = "Xcode 9.3";
			developmentRegion = en;
			hasScannedForEncodings = 0;
			knownRegions = (
				en,
				Base,
			);
			mainGroup = 1F97581B26D5DDED00B3B3B0;
			productRefGroup = 1F97582526D5DDED00B3B3B0 /* Products */;
			projectDirPath = "";
			projectRoot = "";
			targets = (
				1F97582326D5DDED00B3B3B0 /* City Sights App */,
			);
		};
/* End PBXProject section */

/* Begin PBXResourcesBuildPhase section */
		1F97582226D5DDED00B3B3B0 /* Resources */ = {
			isa = PBXResourcesBuildPhase;
			buildActionMask = 2147483647;
			files = (
				1F97582F26D5DDFA00B3B3B0 /* Preview Assets.xcassets in Resources */,
				1F97582C26D5DDFA00B3B3B0 /* Assets.xcassets in Resources */,
			);
			runOnlyForDeploymentPostprocessing = 0;
		};
/* End PBXResourcesBuildPhase section */

/* Begin PBXSourcesBuildPhase section */
		1F97582026D5DDED00B3B3B0 /* Sources */ = {
			isa = PBXSourcesBuildPhase;
			buildActionMask = 2147483647;
			files = (
				1F97582A26D5DDEE00B3B3B0 /* LaunchView.swift in Sources */,
				1FCABC3A26D6348000D6FD1B /* HomeView.swift in Sources */,
				1FCABC2826D62B7900D6FD1B /* Business.swift in Sources */,
				1FCABC4826D63DFD00D6FD1B /* BusinessRow.swift in Sources */,
				1FCABC4226D639CC00D6FD1B /* BusinessSectionHeader.swift in Sources */,
				1F97582826D5DDED00B3B3B0 /* CitySightsApp.swift in Sources */,
				1F97583E26D5DF1300B3B3B0 /* ContentModel.swift in Sources */,
				1FCABC3E26D637CB00D6FD1B /* BusinessList.swift in Sources */,
				1FCABC4526D63A2D00D6FD1B /* BusinessSection.swift in Sources */,
				1F0CE05C26D5F6D100F15115 /* Constants.swift in Sources */,
				1FCABC2C26D62E4900D6FD1B /* BusinessSearch.swift in Sources */,
			);
			runOnlyForDeploymentPostprocessing = 0;
		};
/* End PBXSourcesBuildPhase section */

/* Begin XCBuildConfiguration section */
		1F97583126D5DDFA00B3B3B0 /* Debug */ = {
			isa = XCBuildConfiguration;
			buildSettings = {
				ALWAYS_SEARCH_USER_PATHS = NO;
				CLANG_ANALYZER_NONNULL = YES;
				CLANG_ANALYZER_NUMBER_OBJECT_CONVERSION = YES_AGGRESSIVE;
				CLANG_CXX_LANGUAGE_STANDARD = "gnu++14";
				CLANG_CXX_LIBRARY = "libc++";
				CLANG_ENABLE_MODULES = YES;
				CLANG_ENABLE_OBJC_ARC = YES;
				CLANG_ENABLE_OBJC_WEAK = YES;
				CLANG_WARN_BLOCK_CAPTURE_AUTORELEASING = YES;
				CLANG_WARN_BOOL_CONVERSION = YES;
				CLANG_WARN_COMMA = YES;
				CLANG_WARN_CONSTANT_CONVERSION = YES;
				CLANG_WARN_DEPRECATED_OBJC_IMPLEMENTATIONS = YES;
				CLANG_WARN_DIRECT_OBJC_ISA_USAGE = YES_ERROR;
				CLANG_WARN_DOCUMENTATION_COMMENTS = YES;
				CLANG_WARN_EMPTY_BODY = YES;
				CLANG_WARN_ENUM_CONVERSION = YES;
				CLANG_WARN_INFINITE_RECURSION = YES;
				CLANG_WARN_INT_CONVERSION = YES;
				CLANG_WARN_NON_LITERAL_NULL_CONVERSION = YES;
				CLANG_WARN_OBJC_IMPLICIT_RETAIN_SELF = YES;
				CLANG_WARN_OBJC_LITERAL_CONVERSION = YES;
				CLANG_WARN_OBJC_ROOT_CLASS = YES_ERROR;
				CLANG_WARN_QUOTED_INCLUDE_IN_FRAMEWORK_HEADER = YES;
				CLANG_WARN_RANGE_LOOP_ANALYSIS = YES;
				CLANG_WARN_STRICT_PROTOTYPES = YES;
				CLANG_WARN_SUSPICIOUS_MOVE = YES;
				CLANG_WARN_UNGUARDED_AVAILABILITY = YES_AGGRESSIVE;
				CLANG_WARN_UNREACHABLE_CODE = YES;
				CLANG_WARN__DUPLICATE_METHOD_MATCH = YES;
				COPY_PHASE_STRIP = NO;
				DEBUG_INFORMATION_FORMAT = dwarf;
				ENABLE_STRICT_OBJC_MSGSEND = YES;
				ENABLE_TESTABILITY = YES;
				GCC_C_LANGUAGE_STANDARD = gnu11;
				GCC_DYNAMIC_NO_PIC = NO;
				GCC_NO_COMMON_BLOCKS = YES;
				GCC_OPTIMIZATION_LEVEL = 0;
				GCC_PREPROCESSOR_DEFINITIONS = (
					"DEBUG=1",
					"$(inherited)",
				);
				GCC_WARN_64_TO_32_BIT_CONVERSION = YES;
				GCC_WARN_ABOUT_RETURN_TYPE = YES_ERROR;
				GCC_WARN_UNDECLARED_SELECTOR = YES;
				GCC_WARN_UNINITIALIZED_AUTOS = YES_AGGRESSIVE;
				GCC_WARN_UNUSED_FUNCTION = YES;
				GCC_WARN_UNUSED_VARIABLE = YES;
				IPHONEOS_DEPLOYMENT_TARGET = 14.2;
				MTL_ENABLE_DEBUG_INFO = INCLUDE_SOURCE;
				MTL_FAST_MATH = YES;
				ONLY_ACTIVE_ARCH = YES;
				SDKROOT = iphoneos;
				SWIFT_ACTIVE_COMPILATION_CONDITIONS = DEBUG;
				SWIFT_OPTIMIZATION_LEVEL = "-Onone";
			};
			name = Debug;
		};
		1F97583226D5DDFA00B3B3B0 /* Release */ = {
			isa = XCBuildConfiguration;
			buildSettings = {
				ALWAYS_SEARCH_USER_PATHS = NO;
				CLANG_ANALYZER_NONNULL = YES;
				CLANG_ANALYZER_NUMBER_OBJECT_CONVERSION = YES_AGGRESSIVE;
				CLANG_CXX_LANGUAGE_STANDARD = "gnu++14";
				CLANG_CXX_LIBRARY = "libc++";
				CLANG_ENABLE_MODULES = YES;
				CLANG_ENABLE_OBJC_ARC = YES;
				CLANG_ENABLE_OBJC_WEAK = YES;
				CLANG_WARN_BLOCK_CAPTURE_AUTORELEASING = YES;
				CLANG_WARN_BOOL_CONVERSION = YES;
				CLANG_WARN_COMMA = YES;
				CLANG_WARN_CONSTANT_CONVERSION = YES;
				CLANG_WARN_DEPRECATED_OBJC_IMPLEMENTATIONS = YES;
				CLANG_WARN_DIRECT_OBJC_ISA_USAGE = YES_ERROR;
				CLANG_WARN_DOCUMENTATION_COMMENTS = YES;
				CLANG_WARN_EMPTY_BODY = YES;
				CLANG_WARN_ENUM_CONVERSION = YES;
				CLANG_WARN_INFINITE_RECURSION = YES;
				CLANG_WARN_INT_CONVERSION = YES;
				CLANG_WARN_NON_LITERAL_NULL_CONVERSION = YES;
				CLANG_WARN_OBJC_IMPLICIT_RETAIN_SELF = YES;
				CLANG_WARN_OBJC_LITERAL_CONVERSION = YES;
				CLANG_WARN_OBJC_ROOT_CLASS = YES_ERROR;
				CLANG_WARN_QUOTED_INCLUDE_IN_FRAMEWORK_HEADER = YES;
				CLANG_WARN_RANGE_LOOP_ANALYSIS = YES;
				CLANG_WARN_STRICT_PROTOTYPES = YES;
				CLANG_WARN_SUSPICIOUS_MOVE = YES;
				CLANG_WARN_UNGUARDED_AVAILABILITY = YES_AGGRESSIVE;
				CLANG_WARN_UNREACHABLE_CODE = YES;
				CLANG_WARN__DUPLICATE_METHOD_MATCH = YES;
				COPY_PHASE_STRIP = NO;
				DEBUG_INFORMATION_FORMAT = "dwarf-with-dsym";
				ENABLE_NS_ASSERTIONS = NO;
				ENABLE_STRICT_OBJC_MSGSEND = YES;
				GCC_C_LANGUAGE_STANDARD = gnu11;
				GCC_NO_COMMON_BLOCKS = YES;
				GCC_WARN_64_TO_32_BIT_CONVERSION = YES;
				GCC_WARN_ABOUT_RETURN_TYPE = YES_ERROR;
				GCC_WARN_UNDECLARED_SELECTOR = YES;
				GCC_WARN_UNINITIALIZED_AUTOS = YES_AGGRESSIVE;
				GCC_WARN_UNUSED_FUNCTION = YES;
				GCC_WARN_UNUSED_VARIABLE = YES;
				IPHONEOS_DEPLOYMENT_TARGET = 14.2;
				MTL_ENABLE_DEBUG_INFO = NO;
				MTL_FAST_MATH = YES;
				SDKROOT = iphoneos;
				SWIFT_COMPILATION_MODE = wholemodule;
				SWIFT_OPTIMIZATION_LEVEL = "-O";
				VALIDATE_PRODUCT = YES;
			};
			name = Release;
		};
		1F97583426D5DDFA00B3B3B0 /* Debug */ = {
			isa = XCBuildConfiguration;
			buildSettings = {
				ASSETCATALOG_COMPILER_APPICON_NAME = AppIcon;
				ASSETCATALOG_COMPILER_GLOBAL_ACCENT_COLOR_NAME = AccentColor;
				CODE_SIGN_STYLE = Automatic;
				DEVELOPMENT_ASSET_PATHS = "\"City Sights App/Preview Content\"";
				DEVELOPMENT_TEAM = 4SJ24M8625;
				ENABLE_PREVIEWS = YES;
				INFOPLIST_FILE = "City Sights App/Info.plist";
				IPHONEOS_DEPLOYMENT_TARGET = 14.0;
				LD_RUNPATH_SEARCH_PATHS = (
					"$(inherited)",
					"@executable_path/Frameworks",
				);
				PRODUCT_BUNDLE_IDENTIFIER = "Marco.City-Sights-App";
				PRODUCT_NAME = "$(TARGET_NAME)";
				SWIFT_VERSION = 5.0;
				TARGETED_DEVICE_FAMILY = "1,2";
			};
			name = Debug;
		};
		1F97583526D5DDFA00B3B3B0 /* Release */ = {
			isa = XCBuildConfiguration;
			buildSettings = {
				ASSETCATALOG_COMPILER_APPICON_NAME = AppIcon;
				ASSETCATALOG_COMPILER_GLOBAL_ACCENT_COLOR_NAME = AccentColor;
				CODE_SIGN_STYLE = Automatic;
				DEVELOPMENT_ASSET_PATHS = "\"City Sights App/Preview Content\"";
				DEVELOPMENT_TEAM = 4SJ24M8625;
				ENABLE_PREVIEWS = YES;
				INFOPLIST_FILE = "City Sights App/Info.plist";
				IPHONEOS_DEPLOYMENT_TARGET = 14.0;
				LD_RUNPATH_SEARCH_PATHS = (
					"$(inherited)",
					"@executable_path/Frameworks",
				);
				PRODUCT_BUNDLE_IDENTIFIER = "Marco.City-Sights-App";
				PRODUCT_NAME = "$(TARGET_NAME)";
				SWIFT_VERSION = 5.0;
				TARGETED_DEVICE_FAMILY = "1,2";
			};
			name = Release;
		};
/* End XCBuildConfiguration section */

/* Begin XCConfigurationList section */
		1F97581F26D5DDED00B3B3B0 /* Build configuration list for PBXProject "City Sights App" */ = {
			isa = XCConfigurationList;
			buildConfigurations = (
				1F97583126D5DDFA00B3B3B0 /* Debug */,
				1F97583226D5DDFA00B3B3B0 /* Release */,
			);
			defaultConfigurationIsVisible = 0;
			defaultConfigurationName = Release;
		};
		1F97583326D5DDFA00B3B3B0 /* Build configuration list for PBXNativeTarget "City Sights App" */ = {
			isa = XCConfigurationList;
			buildConfigurations = (
				1F97583426D5DDFA00B3B3B0 /* Debug */,
				1F97583526D5DDFA00B3B3B0 /* Release */,
			);
			defaultConfigurationIsVisible = 0;
			defaultConfigurationName = Release;
		};
/* End XCConfigurationList section */
	};
	rootObject = 1F97581C26D5DDED00B3B3B0 /* Project object */;
}
